
Microsoft Visual Studio Solution File, Format Version 12.00
# Visual Studio Version 16
VisualStudioVersion = 16.0.30621.155
MinimumVisualStudioVersion = 10.0.40219.1
Project("{FAE04EC0-301F-11D3-BF4B-00C04F79EFBC}") = "AccesModifiers", "AccesModifiers\AccesModifiers.csproj", "{BBE05901-5514-422C-A001-67DB184AA735}"
EndProject
Global
	GlobalSection(SolutionConfigurationPlatforms) = preSolution
		Debug|Any CPU = Debug|Any CPU
		Release|Any CPU = Release|Any CPU
	EndGlobalSection
	GlobalSection(ProjectConfigurationPlatforms) = postSolution
		{BBE05901-5514-422C-A001-67DB184AA735}.Debug|Any CPU.ActiveCfg = Debug|Any CPU
		{BBE05901-5514-422C-A001-67DB184AA735}.Debug|Any CPU.Build.0 = Debug|Any CPU
		{BBE05901-5514-422C-A001-67DB184AA735}.Release|Any CPU.ActiveCfg = Release|Any CPU
		{BBE05901-5514-422C-A001-67DB184AA735}.Release|Any CPU.Build.0 = Release|Any CPU
	EndGlobalSection
	GlobalSection(SolutionProperties) = preSolution
		HideSolutionNode = FALSE
	EndGlobalSection
	GlobalSection(ExtensibilityGlobals) = postSolution
		SolutionGuid = {E7D7C16F-D95C-483E-822C-9434CE39E23B}
	EndGlobalSection
EndGlobal
